
Microsoft Visual Studio Solution File, Format Version 12.00
# Visual Studio Version 16
VisualStudioVersion = 16.0.31321.278
MinimumVisualStudioVersion = 10.0.40219.1
Project("{FAE04EC0-301F-11D3-BF4B-00C04F79EFBC}") = "World Search 7 2021", "World Search 7 2021\World Search 7 2021.csproj", "{A3C7266B-642A-475E-BB4D-363A804730D0}"
EndProject
Global
	GlobalSection(SolutionConfigurationPlatforms) = preSolution
		Debug|Any CPU = Debug|Any CPU
		Release|Any CPU = Release|Any CPU
	EndGlobalSection
	GlobalSection(ProjectConfigurationPlatforms) = postSolution
		{A3C7266B-642A-475E-BB4D-363A804730D0}.Debug|Any CPU.ActiveCfg = Debug|Any CPU
		{A3C7266B-642A-475E-BB4D-363A804730D0}.Debug|Any CPU.Build.0 = Debug|Any CPU
		{A3C7266B-642A-475E-BB4D-363A804730D0}.Release|Any CPU.ActiveCfg = Release|Any CPU
		{A3C7266B-642A-475E-BB4D-363A804730D0}.Release|Any CPU.Build.0 = Release|Any CPU
	EndGlobalSection
	GlobalSection(SolutionProperties) = preSolution
		HideSolutionNode = FALSE
	EndGlobalSection
	GlobalSection(ExtensibilityGlobals) = postSolution
		SolutionGuid = {5C59DFD1-D01E-46E9-90E7-41E5EA6C57D8}
	EndGlobalSection
EndGlobal
